{
  "object": {
    "pins": [
      {
        "package": "SimplenoteFoundation",
        "repositoryURL": "https://github.com/jleandroperez/SwiftPackage.git",
        "state": {
          "branch": null,
          "revision": "80692fe5d42caab87a48ff4eb933f37d44a9dec0",
          "version": "1.0.4"
        }
      }
    ]
  },
  "version": 1
}
