{
  "object": {
    "pins": [
      {
        "package": "SimplenoteFoundation",
        "repositoryURL": "https://github.com/jleandroperez/SwiftPackage.git",
        "state": {
          "branch": null,
          "revision": "b05edbad46be006319471355d956d20b031cd2b0",
          "version": "1.0.3"
        }
      }
    ]
  },
  "version": 1
}
