{
  "object": {
    "pins": [
      {
        "package": "SimplenoteFoundation",
        "repositoryURL": "https://github.com/jleandroperez/SwiftPackage.git",
        "state": {
          "branch": null,
          "revision": "9b3e5dba309061a0d85fa21ebbee046439ee8631",
          "version": "1.0.2"
        }
      }
    ]
  },
  "version": 1
}
